
Microsoft Visual Studio Solution File, Format Version 12.00
# Visual Studio Version 17
VisualStudioVersion = 17.11.35222.181
MinimumVisualStudioVersion = 10.0.40219.1
Project("{FAE04EC0-301F-11D3-BF4B-00C04F79EFBC}") = "Parameters", "Parameters\Parameters.csproj", "{35D3EBE4-BBF8-4AFF-B4B7-36B615438479}"
EndProject
Global
	GlobalSection(SolutionConfigurationPlatforms) = preSolution
		Debug|Any CPU = Debug|Any CPU
		Release|Any CPU = Release|Any CPU
	EndGlobalSection
	GlobalSection(ProjectConfigurationPlatforms) = postSolution
		{35D3EBE4-BBF8-4AFF-B4B7-36B615438479}.Debug|Any CPU.ActiveCfg = Debug|Any CPU
		{35D3EBE4-BBF8-4AFF-B4B7-36B615438479}.Debug|Any CPU.Build.0 = Debug|Any CPU
		{35D3EBE4-BBF8-4AFF-B4B7-36B615438479}.Release|Any CPU.ActiveCfg = Release|Any CPU
		{35D3EBE4-BBF8-4AFF-B4B7-36B615438479}.Release|Any CPU.Build.0 = Release|Any CPU
	EndGlobalSection
	GlobalSection(SolutionProperties) = preSolution
		HideSolutionNode = FALSE
	EndGlobalSection
	GlobalSection(ExtensibilityGlobals) = postSolution
		SolutionGuid = {B80F0789-06A7-49CF-AB91-4D8DB56D92B0}
	EndGlobalSection
EndGlobal
